<?xml version="1.0" encoding="utf-8"?>
<Project ToolsVersion="4.0" xmlns="http://schemas.microsoft.com/developer/msbuild/2003">
  <ItemGroup>
    <Filter Include="Components">
      <UniqueIdentifier>{6B7DD516-5735-1764-C03C-F0BFAC13B254}</UniqueIdentifier>
    </Filter>
    <Filter Include="Core">
      <UniqueIdentifier>{2EB4837C-1AEB-840D-C3D7-6A10AFED000F}</UniqueIdentifier>
    </Filter>
  </ItemGroup>
  <ItemGroup>
    <ClInclude Include="src\Components\IComponent.h">
      <Filter>Components</Filter>
    </ClInclude>
    <ClInclude Include="src\Components\Mesh.h">
      <Filter>Components</Filter>
    </ClInclude>
    <ClInclude Include="src\Components\MeshRenderer.h">
      <Filter>Components</Filter>
    </ClInclude>
    <ClInclude Include="src\Components\Transform.h">
      <Filter>Components</Filter>
    </ClInclude>
    <ClInclude Include="src\Core\Application.h">
      <Filter>Core</Filter>
    </ClInclude>
    <ClInclude Include="src\Core\DebugLayer.h">
      <Filter>Core</Filter>
    </ClInclude>
    <ClInclude Include="src\Core\EBO.h">
      <Filter>Core</Filter>
    </ClInclude>
    <ClInclude Include="src\Core\Event.h">
      <Filter>Core</Filter>
    </ClInclude>
    <ClInclude Include="src\Core\FrameBuffer.h">
      <Filter>Core</Filter>
    </ClInclude>
    <ClInclude Include="src\Core\Log.h">
      <Filter>Core</Filter>
    </ClInclude>
    <ClInclude Include="src\Core\ObjectSystem.h">
      <Filter>Core</Filter>
    </ClInclude>
    <ClInclude Include="src\Core\Program.h">
      <Filter>Core</Filter>
    </ClInclude>
    <ClInclude Include="src\Core\SceneCamera.h">
      <Filter>Core</Filter>
    </ClInclude>
    <ClInclude Include="src\Core\Shader.h">
      <Filter>Core</Filter>
    </ClInclude>
    <ClInclude Include="src\Core\Texture.h">
      <Filter>Core</Filter>
    </ClInclude>
    <ClInclude Include="src\Core\Time.h">
      <Filter>Core</Filter>
    </ClInclude>
    <ClInclude Include="src\Core\VBO.h">
      <Filter>Core</Filter>
    </ClInclude>
    <ClInclude Include="src\Engine.h" />
    <ClInclude Include="src\enpch.h" />
  </ItemGroup>
  <ItemGroup>
    <ClCompile Include="src\Components\Mesh.cpp">
      <Filter>Components</Filter>
    </ClCompile>
    <ClCompile Include="src\Components\MeshRenderer.cpp">
      <Filter>Components</Filter>
    </ClCompile>
    <ClCompile Include="src\Components\Transform.cpp">
      <Filter>Components</Filter>
    </ClCompile>
    <ClCompile Include="src\Core\Application.cpp">
      <Filter>Core</Filter>
    </ClCompile>
    <ClCompile Include="src\Core\DebugLayer.cpp">
      <Filter>Core</Filter>
    </ClCompile>
    <ClCompile Include="src\Core\EBO.cpp">
      <Filter>Core</Filter>
    </ClCompile>
    <ClCompile Include="src\Core\Event.cpp">
      <Filter>Core</Filter>
    </ClCompile>
    <ClCompile Include="src\Core\FrameBuffer.cpp">
      <Filter>Core</Filter>
    </ClCompile>
    <ClCompile Include="src\Core\Log.cpp">
      <Filter>Core</Filter>
    </ClCompile>
    <ClCompile Include="src\Core\ObjectSystem.cpp">
      <Filter>Core</Filter>
    </ClCompile>
    <ClCompile Include="src\Core\Program.cpp">
      <Filter>Core</Filter>
    </ClCompile>
    <ClCompile Include="src\Core\SceneCamera.cpp">
      <Filter>Core</Filter>
    </ClCompile>
    <ClCompile Include="src\Core\Shader.cpp">
      <Filter>Core</Filter>
    </ClCompile>
    <ClCompile Include="src\Core\Texture.cpp">
      <Filter>Core</Filter>
    </ClCompile>
    <ClCompile Include="src\Core\Time.cpp">
      <Filter>Core</Filter>
    </ClCompile>
    <ClCompile Include="src\Core\VBO.cpp">
      <Filter>Core</Filter>
    </ClCompile>
    <ClCompile Include="src\enpch.cpp" />
  </ItemGroup>
</Project>